
Microsoft Visual Studio Solution File, Format Version 12.00
# Visual Studio Version 16
VisualStudioVersion = 16.0.33529.622
MinimumVisualStudioVersion = 10.0.40219.1
Project("{FAE04EC0-301F-11D3-BF4B-00C04F79EFBC}") = "SuperMarketManagementApp", "SuperMarketManagementApp\SuperMarketManagementApp.csproj", "{87B264F0-0DED-469F-9506-4C14A921506E}"
EndProject
Global
	GlobalSection(SolutionConfigurationPlatforms) = preSolution
		Debug|Any CPU = Debug|Any CPU
		Release|Any CPU = Release|Any CPU
	EndGlobalSection
	GlobalSection(ProjectConfigurationPlatforms) = postSolution
		{87B264F0-0DED-469F-9506-4C14A921506E}.Debug|Any CPU.ActiveCfg = Debug|Any CPU
		{87B264F0-0DED-469F-9506-4C14A921506E}.Debug|Any CPU.Build.0 = Debug|Any CPU
		{87B264F0-0DED-469F-9506-4C14A921506E}.Release|Any CPU.ActiveCfg = Release|Any CPU
		{87B264F0-0DED-469F-9506-4C14A921506E}.Release|Any CPU.Build.0 = Release|Any CPU
	EndGlobalSection
	GlobalSection(SolutionProperties) = preSolution
		HideSolutionNode = FALSE
	EndGlobalSection
	GlobalSection(ExtensibilityGlobals) = postSolution
		SolutionGuid = {DCC4614B-1032-4F3A-9898-9BD0F4694A2B}
	EndGlobalSection
EndGlobal
